
Microsoft Visual Studio Solution File, Format Version 12.00
# Visual Studio Version 16
VisualStudioVersion = 16.0.31019.35
MinimumVisualStudioVersion = 10.0.40219.1
Project("{FAE04EC0-301F-11D3-BF4B-00C04F79EFBC}") = "Lesson01_variables", "Lesson01_variables.csproj", "{8AEA4813-019A-4BEA-A1D3-67A125DF6F38}"
EndProject
Project("{FAE04EC0-301F-11D3-BF4B-00C04F79EFBC}") = "Lesson03_Images", "Lesson03_Images\Lesson03_Images.csproj", "{B5B1C516-F433-42DB-8D3F-A867391773ED}"
EndProject
Project("{FAE04EC0-301F-11D3-BF4B-00C04F79EFBC}") = "Lesson04_Shop", "Lesson04_Shop\Lesson04_Shop.csproj", "{114895A3-3FA1-4742-AB13-353D223ED2DF}"
EndProject
Project("{FAE04EC0-301F-11D3-BF4B-00C04F79EFBC}") = "Lesson06_QuestionToUser", "Lesson06_QuestionToUser\Lesson06_QuestionToUser.csproj", "{CF5F5B5E-1740-4A4F-8107-8115FABA7F26}"
EndProject
Project("{FAE04EC0-301F-11D3-BF4B-00C04F79EFBC}") = "Lesson05_Hospital", "Lesson05_Hospital\Lesson05_Hospital.csproj", "{0EE6D807-1FB3-4157-9D94-65B8BF58D4D8}"
EndProject
Project("{FAE04EC0-301F-11D3-BF4B-00C04F79EFBC}") = "Lesson07_Msg", "Lesson07_Msg\Lesson07_Msg.csproj", "{FB2FFA0E-9D8D-49E5-BAB4-65C2D98FFF15}"
EndProject
Project("{FAE04EC0-301F-11D3-BF4B-00C04F79EFBC}") = "Lesson08_ExitLoop", "Lesson08_ExitLoop\Lesson08_ExitLoop.csproj", "{58FAB09F-E8B4-4402-BEDF-EF07DCE7E175}"
EndProject
Project("{FAE04EC0-301F-11D3-BF4B-00C04F79EFBC}") = "Lesson09_CurrencyConverter", "Lesson09_CurrencyConverter\Lesson09_CurrencyConverter.csproj", "{1DDA3187-CF9F-42DE-A541-D979CFB7A798}"
EndProject
Project("{FAE04EC0-301F-11D3-BF4B-00C04F79EFBC}") = "Lesson10_Menu", "Lesson10_Menu\Lesson10_Menu.csproj", "{099F3668-4138-4932-A849-EAC61203E642}"
EndProject
Project("{FAE04EC0-301F-11D3-BF4B-00C04F79EFBC}") = "Lesson11_Sequence", "Lesson11_Sequence\Lesson11_Sequence.csproj", "{409F864A-9FBE-4202-BBE3-4133586F6058}"
EndProject
Project("{FAE04EC0-301F-11D3-BF4B-00C04F79EFBC}") = "Lesson12_EnterName", "Lesson12_EnterName\Lesson12_EnterName.csproj", "{119C4EF5-6BEB-4776-80DC-F61653BE5B7A}"
EndProject
Project("{FAE04EC0-301F-11D3-BF4B-00C04F79EFBC}") = "Lesson13_Password", "Lesson13_Password\Lesson13_Password.csproj", "{852C1634-D6C3-4919-9C27-D55CD1946CCB}"
EndProject
Project("{FAE04EC0-301F-11D3-BF4B-00C04F79EFBC}") = "Lesson14_FightWithBoss", "Lesson14_FightWithBoss\Lesson14_FightWithBoss.csproj", "{F0DB0C9C-E07D-432E-A323-FC0CC4BCC18E}"
EndProject
Project("{FAE04EC0-301F-11D3-BF4B-00C04F79EFBC}") = "Lesson15_CorrectStrings", "Lesson15_CorrectStrings\Lesson15_CorrectStrings.csproj", "{2CD66FB5-8F04-4649-B736-E8AE9F81B6A9}"
EndProject
Project("{FAE04EC0-301F-11D3-BF4B-00C04F79EFBC}") = "Lesson16_MaxElement", "Lesson16_MaxElement\Lesson16_MaxElement.csproj", "{9A9F4A43-5204-41D9-866C-A7A150AC7792}"
EndProject
Project("{FAE04EC0-301F-11D3-BF4B-00C04F79EFBC}") = "Lesson17_LocalMax", "Lesson17_LocalMax\Lesson17_LocalMax.csproj", "{2EA9BF8A-564B-4ABC-9E87-CEC10B57188B}"
EndProject
Project("{FAE04EC0-301F-11D3-BF4B-00C04F79EFBC}") = "Lesson18_DynamicArray", "Lesson18_DynamicArray\Lesson18_DynamicArray.csproj", "{75AF9C35-3ED6-4563-BDD3-EE3EF3E39BB1}"
EndProject
Project("{9A19103F-16F7-4668-BE54-9A1E7A4F7556}") = "Lesson19(Methods)_PersonnelAccounting", "Lesson19(Methods)_PersonnelAccounting\Lesson19(Methods)_PersonnelAccounting.csproj", "{669C87D5-9D5B-46E6-89BE-813C331D5155}"
EndProject
Project("{9A19103F-16F7-4668-BE54-9A1E7A4F7556}") = "Lesson20_UIELEMENT", "Lesson20_UIELEMENT\Lesson20_UIELEMENT.csproj", "{57B22AE1-34EE-47AE-8A28-015EB817A39D}"
EndProject
Project("{9A19103F-16F7-4668-BE54-9A1E7A4F7556}") = "Lesson21_READINT", "Lesson21_READINT\Lesson21_READINT.csproj", "{C7F4B7F5-C810-404E-BCEE-E8641FAC03E6}"
EndProject
Project("{9A19103F-16F7-4668-BE54-9A1E7A4F7556}") = "Lesson22_BraveNewWorld", "Lesson22_BraveNewWorld\Lesson22_BraveNewWorld.csproj", "{2A79DFB3-741B-453B-BE8B-E277E67320AB}"
EndProject
Project("{9A19103F-16F7-4668-BE54-9A1E7A4F7556}") = "Lesson23_Shuffle", "Lesson23_Shuffle\Lesson23_Shuffle.csproj", "{81509C3F-C762-4481-8EED-E238157C7AC9}"
EndProject
Project("{FAE04EC0-301F-11D3-BF4B-00C04F79EFBC}") = "Lesson24_Dictionary", "Lesson24_Dictionary\Lesson24_Dictionary.csproj", "{95C4D11B-9A81-432B-B2D5-7F208893B57A}"
EndProject
Project("{FAE04EC0-301F-11D3-BF4B-00C04F79EFBC}") = "Lesson25_QueueShop", "Lesson25_QueueShop\Lesson25_QueueShop.csproj", "{07454AD6-2017-47FA-A116-8756BDAF159F}"
EndProject
Project("{FAE04EC0-301F-11D3-BF4B-00C04F79EFBC}") = "Lesson26_DynamicArrayV2", "Lesson26_DynamicArrayV2\Lesson26_DynamicArrayV2.csproj", "{2CDDC96E-98BD-4246-927F-6388DD3F8B06}"
EndProject
Project("{FAE04EC0-301F-11D3-BF4B-00C04F79EFBC}") = "Lesson27_PersonnelAccountingV2", "Lesson27_PersonnelAccountingV2\Lesson27_PersonnelAccountingV2.csproj", "{4A3B6EE9-5B0E-4DE4-A585-A4A5844DE9E1}"
EndProject
Project("{FAE04EC0-301F-11D3-BF4B-00C04F79EFBC}") = "Lesson28(OOP)_Class", "Lesson28(OOP)_Class\Lesson28(OOP)_Class.csproj", "{8FFDDDE6-F5CE-48F1-879F-067103ECB583}"
EndProject
Project("{FAE04EC0-301F-11D3-BF4B-00C04F79EFBC}") = "Lesson30(OOP)_DBPlayers", "Lesson30_OOP__DBPlayers\Lesson30(OOP)_DBPlayers.csproj", "{6FBEEED5-1B52-40D2-832E-7FBCCD31C183}"
EndProject
Project("{FAE04EC0-301F-11D3-BF4B-00C04F79EFBC}") = "Lesson29(OOP)_Prop", "Lesson29(OOP)_Prop\Lesson29(OOP)_Prop.csproj", "{6E83CA9C-43BE-4078-8F60-C105BB9CA4FA}"
EndProject
Project("{9A19103F-16F7-4668-BE54-9A1E7A4F7556}") = "Lesson31(OOP)_ Shop", "Lesson31(OOP)_ Shop\Lesson31(OOP)_ Shop.csproj", "{0FDA4CF2-1F17-4DF7-A065-0BEE62C13B94}"
EndProject
Project("{9A19103F-16F7-4668-BE54-9A1E7A4F7556}") = "Lesson32(OOP)_ConfigPassengerTrains", "Lesson32(OOP)_ConfigPassengerTrains\Lesson32(OOP)_ConfigPassengerTrains.csproj", "{80F4E7E5-37C1-4AFD-8A5B-8564B3720180}"
EndProject
Project("{FAE04EC0-301F-11D3-BF4B-00C04F79EFBC}") = "Lesson33(OOP)_GladiatorFights", "Lesson33(OOP)_GladiatorFights\Lesson33(OOP)_GladiatorFights.csproj", "{A5351A82-3EE8-4FD0-872E-294A08E92790}"
EndProject
Global
	GlobalSection(SolutionConfigurationPlatforms) = preSolution
		Debug|Any CPU = Debug|Any CPU
		Release|Any CPU = Release|Any CPU
	EndGlobalSection
	GlobalSection(ProjectConfigurationPlatforms) = postSolution
		{8AEA4813-019A-4BEA-A1D3-67A125DF6F38}.Debug|Any CPU.ActiveCfg = Debug|Any CPU
		{8AEA4813-019A-4BEA-A1D3-67A125DF6F38}.Debug|Any CPU.Build.0 = Debug|Any CPU
		{8AEA4813-019A-4BEA-A1D3-67A125DF6F38}.Release|Any CPU.ActiveCfg = Release|Any CPU
		{8AEA4813-019A-4BEA-A1D3-67A125DF6F38}.Release|Any CPU.Build.0 = Release|Any CPU
		{B5B1C516-F433-42DB-8D3F-A867391773ED}.Debug|Any CPU.ActiveCfg = Debug|Any CPU
		{B5B1C516-F433-42DB-8D3F-A867391773ED}.Debug|Any CPU.Build.0 = Debug|Any CPU
		{B5B1C516-F433-42DB-8D3F-A867391773ED}.Release|Any CPU.ActiveCfg = Release|Any CPU
		{B5B1C516-F433-42DB-8D3F-A867391773ED}.Release|Any CPU.Build.0 = Release|Any CPU
		{114895A3-3FA1-4742-AB13-353D223ED2DF}.Debug|Any CPU.ActiveCfg = Debug|Any CPU
		{114895A3-3FA1-4742-AB13-353D223ED2DF}.Debug|Any CPU.Build.0 = Debug|Any CPU
		{114895A3-3FA1-4742-AB13-353D223ED2DF}.Release|Any CPU.ActiveCfg = Release|Any CPU
		{114895A3-3FA1-4742-AB13-353D223ED2DF}.Release|Any CPU.Build.0 = Release|Any CPU
		{CF5F5B5E-1740-4A4F-8107-8115FABA7F26}.Debug|Any CPU.ActiveCfg = Debug|Any CPU
		{CF5F5B5E-1740-4A4F-8107-8115FABA7F26}.Debug|Any CPU.Build.0 = Debug|Any CPU
		{CF5F5B5E-1740-4A4F-8107-8115FABA7F26}.Release|Any CPU.ActiveCfg = Release|Any CPU
		{CF5F5B5E-1740-4A4F-8107-8115FABA7F26}.Release|Any CPU.Build.0 = Release|Any CPU
		{0EE6D807-1FB3-4157-9D94-65B8BF58D4D8}.Debug|Any CPU.ActiveCfg = Debug|Any CPU
		{0EE6D807-1FB3-4157-9D94-65B8BF58D4D8}.Debug|Any CPU.Build.0 = Debug|Any CPU
		{0EE6D807-1FB3-4157-9D94-65B8BF58D4D8}.Release|Any CPU.ActiveCfg = Release|Any CPU
		{0EE6D807-1FB3-4157-9D94-65B8BF58D4D8}.Release|Any CPU.Build.0 = Release|Any CPU
		{FB2FFA0E-9D8D-49E5-BAB4-65C2D98FFF15}.Debug|Any CPU.ActiveCfg = Debug|Any CPU
		{FB2FFA0E-9D8D-49E5-BAB4-65C2D98FFF15}.Debug|Any CPU.Build.0 = Debug|Any CPU
		{FB2FFA0E-9D8D-49E5-BAB4-65C2D98FFF15}.Release|Any CPU.ActiveCfg = Release|Any CPU
		{FB2FFA0E-9D8D-49E5-BAB4-65C2D98FFF15}.Release|Any CPU.Build.0 = Release|Any CPU
		{58FAB09F-E8B4-4402-BEDF-EF07DCE7E175}.Debug|Any CPU.ActiveCfg = Debug|Any CPU
		{58FAB09F-E8B4-4402-BEDF-EF07DCE7E175}.Debug|Any CPU.Build.0 = Debug|Any CPU
		{58FAB09F-E8B4-4402-BEDF-EF07DCE7E175}.Release|Any CPU.ActiveCfg = Release|Any CPU
		{58FAB09F-E8B4-4402-BEDF-EF07DCE7E175}.Release|Any CPU.Build.0 = Release|Any CPU
		{1DDA3187-CF9F-42DE-A541-D979CFB7A798}.Debug|Any CPU.ActiveCfg = Debug|Any CPU
		{1DDA3187-CF9F-42DE-A541-D979CFB7A798}.Debug|Any CPU.Build.0 = Debug|Any CPU
		{1DDA3187-CF9F-42DE-A541-D979CFB7A798}.Release|Any CPU.ActiveCfg = Release|Any CPU
		{1DDA3187-CF9F-42DE-A541-D979CFB7A798}.Release|Any CPU.Build.0 = Release|Any CPU
		{099F3668-4138-4932-A849-EAC61203E642}.Debug|Any CPU.ActiveCfg = Debug|Any CPU
		{099F3668-4138-4932-A849-EAC61203E642}.Debug|Any CPU.Build.0 = Debug|Any CPU
		{099F3668-4138-4932-A849-EAC61203E642}.Release|Any CPU.ActiveCfg = Release|Any CPU
		{099F3668-4138-4932-A849-EAC61203E642}.Release|Any CPU.Build.0 = Release|Any CPU
		{409F864A-9FBE-4202-BBE3-4133586F6058}.Debug|Any CPU.ActiveCfg = Debug|Any CPU
		{409F864A-9FBE-4202-BBE3-4133586F6058}.Debug|Any CPU.Build.0 = Debug|Any CPU
		{409F864A-9FBE-4202-BBE3-4133586F6058}.Release|Any CPU.ActiveCfg = Release|Any CPU
		{409F864A-9FBE-4202-BBE3-4133586F6058}.Release|Any CPU.Build.0 = Release|Any CPU
		{119C4EF5-6BEB-4776-80DC-F61653BE5B7A}.Debug|Any CPU.ActiveCfg = Debug|Any CPU
		{119C4EF5-6BEB-4776-80DC-F61653BE5B7A}.Debug|Any CPU.Build.0 = Debug|Any CPU
		{119C4EF5-6BEB-4776-80DC-F61653BE5B7A}.Release|Any CPU.ActiveCfg = Release|Any CPU
		{119C4EF5-6BEB-4776-80DC-F61653BE5B7A}.Release|Any CPU.Build.0 = Release|Any CPU
		{852C1634-D6C3-4919-9C27-D55CD1946CCB}.Debug|Any CPU.ActiveCfg = Debug|Any CPU
		{852C1634-D6C3-4919-9C27-D55CD1946CCB}.Debug|Any CPU.Build.0 = Debug|Any CPU
		{852C1634-D6C3-4919-9C27-D55CD1946CCB}.Release|Any CPU.ActiveCfg = Release|Any CPU
		{852C1634-D6C3-4919-9C27-D55CD1946CCB}.Release|Any CPU.Build.0 = Release|Any CPU
		{F0DB0C9C-E07D-432E-A323-FC0CC4BCC18E}.Debug|Any CPU.ActiveCfg = Debug|Any CPU
		{F0DB0C9C-E07D-432E-A323-FC0CC4BCC18E}.Debug|Any CPU.Build.0 = Debug|Any CPU
		{F0DB0C9C-E07D-432E-A323-FC0CC4BCC18E}.Release|Any CPU.ActiveCfg = Release|Any CPU
		{F0DB0C9C-E07D-432E-A323-FC0CC4BCC18E}.Release|Any CPU.Build.0 = Release|Any CPU
		{2CD66FB5-8F04-4649-B736-E8AE9F81B6A9}.Debug|Any CPU.ActiveCfg = Debug|Any CPU
		{2CD66FB5-8F04-4649-B736-E8AE9F81B6A9}.Debug|Any CPU.Build.0 = Debug|Any CPU
		{2CD66FB5-8F04-4649-B736-E8AE9F81B6A9}.Release|Any CPU.ActiveCfg = Release|Any CPU
		{2CD66FB5-8F04-4649-B736-E8AE9F81B6A9}.Release|Any CPU.Build.0 = Release|Any CPU
		{9A9F4A43-5204-41D9-866C-A7A150AC7792}.Debug|Any CPU.ActiveCfg = Debug|Any CPU
		{9A9F4A43-5204-41D9-866C-A7A150AC7792}.Debug|Any CPU.Build.0 = Debug|Any CPU
		{9A9F4A43-5204-41D9-866C-A7A150AC7792}.Release|Any CPU.ActiveCfg = Release|Any CPU
		{9A9F4A43-5204-41D9-866C-A7A150AC7792}.Release|Any CPU.Build.0 = Release|Any CPU
		{2EA9BF8A-564B-4ABC-9E87-CEC10B57188B}.Debug|Any CPU.ActiveCfg = Debug|Any CPU
		{2EA9BF8A-564B-4ABC-9E87-CEC10B57188B}.Debug|Any CPU.Build.0 = Debug|Any CPU
		{2EA9BF8A-564B-4ABC-9E87-CEC10B57188B}.Release|Any CPU.ActiveCfg = Release|Any CPU
		{2EA9BF8A-564B-4ABC-9E87-CEC10B57188B}.Release|Any CPU.Build.0 = Release|Any CPU
		{75AF9C35-3ED6-4563-BDD3-EE3EF3E39BB1}.Debug|Any CPU.ActiveCfg = Debug|Any CPU
		{75AF9C35-3ED6-4563-BDD3-EE3EF3E39BB1}.Debug|Any CPU.Build.0 = Debug|Any CPU
		{75AF9C35-3ED6-4563-BDD3-EE3EF3E39BB1}.Release|Any CPU.ActiveCfg = Release|Any CPU
		{75AF9C35-3ED6-4563-BDD3-EE3EF3E39BB1}.Release|Any CPU.Build.0 = Release|Any CPU
		{669C87D5-9D5B-46E6-89BE-813C331D5155}.Debug|Any CPU.ActiveCfg = Debug|Any CPU
		{669C87D5-9D5B-46E6-89BE-813C331D5155}.Debug|Any CPU.Build.0 = Debug|Any CPU
		{669C87D5-9D5B-46E6-89BE-813C331D5155}.Release|Any CPU.ActiveCfg = Release|Any CPU
		{669C87D5-9D5B-46E6-89BE-813C331D5155}.Release|Any CPU.Build.0 = Release|Any CPU
		{57B22AE1-34EE-47AE-8A28-015EB817A39D}.Debug|Any CPU.ActiveCfg = Debug|Any CPU
		{57B22AE1-34EE-47AE-8A28-015EB817A39D}.Debug|Any CPU.Build.0 = Debug|Any CPU
		{57B22AE1-34EE-47AE-8A28-015EB817A39D}.Release|Any CPU.ActiveCfg = Release|Any CPU
		{57B22AE1-34EE-47AE-8A28-015EB817A39D}.Release|Any CPU.Build.0 = Release|Any CPU
		{C7F4B7F5-C810-404E-BCEE-E8641FAC03E6}.Debug|Any CPU.ActiveCfg = Debug|Any CPU
		{C7F4B7F5-C810-404E-BCEE-E8641FAC03E6}.Debug|Any CPU.Build.0 = Debug|Any CPU
		{C7F4B7F5-C810-404E-BCEE-E8641FAC03E6}.Release|Any CPU.ActiveCfg = Release|Any CPU
		{C7F4B7F5-C810-404E-BCEE-E8641FAC03E6}.Release|Any CPU.Build.0 = Release|Any CPU
		{2A79DFB3-741B-453B-BE8B-E277E67320AB}.Debug|Any CPU.ActiveCfg = Debug|Any CPU
		{2A79DFB3-741B-453B-BE8B-E277E67320AB}.Debug|Any CPU.Build.0 = Debug|Any CPU
		{2A79DFB3-741B-453B-BE8B-E277E67320AB}.Release|Any CPU.ActiveCfg = Release|Any CPU
		{2A79DFB3-741B-453B-BE8B-E277E67320AB}.Release|Any CPU.Build.0 = Release|Any CPU
		{81509C3F-C762-4481-8EED-E238157C7AC9}.Debug|Any CPU.ActiveCfg = Debug|Any CPU
		{81509C3F-C762-4481-8EED-E238157C7AC9}.Debug|Any CPU.Build.0 = Debug|Any CPU
		{81509C3F-C762-4481-8EED-E238157C7AC9}.Release|Any CPU.ActiveCfg = Release|Any CPU
		{81509C3F-C762-4481-8EED-E238157C7AC9}.Release|Any CPU.Build.0 = Release|Any CPU
		{95C4D11B-9A81-432B-B2D5-7F208893B57A}.Debug|Any CPU.ActiveCfg = Debug|Any CPU
		{95C4D11B-9A81-432B-B2D5-7F208893B57A}.Debug|Any CPU.Build.0 = Debug|Any CPU
		{95C4D11B-9A81-432B-B2D5-7F208893B57A}.Release|Any CPU.ActiveCfg = Release|Any CPU
		{95C4D11B-9A81-432B-B2D5-7F208893B57A}.Release|Any CPU.Build.0 = Release|Any CPU
		{07454AD6-2017-47FA-A116-8756BDAF159F}.Debug|Any CPU.ActiveCfg = Debug|Any CPU
		{07454AD6-2017-47FA-A116-8756BDAF159F}.Debug|Any CPU.Build.0 = Debug|Any CPU
		{07454AD6-2017-47FA-A116-8756BDAF159F}.Release|Any CPU.ActiveCfg = Release|Any CPU
		{07454AD6-2017-47FA-A116-8756BDAF159F}.Release|Any CPU.Build.0 = Release|Any CPU
		{2CDDC96E-98BD-4246-927F-6388DD3F8B06}.Debug|Any CPU.ActiveCfg = Debug|Any CPU
		{2CDDC96E-98BD-4246-927F-6388DD3F8B06}.Debug|Any CPU.Build.0 = Debug|Any CPU
		{2CDDC96E-98BD-4246-927F-6388DD3F8B06}.Release|Any CPU.ActiveCfg = Release|Any CPU
		{2CDDC96E-98BD-4246-927F-6388DD3F8B06}.Release|Any CPU.Build.0 = Release|Any CPU
		{4A3B6EE9-5B0E-4DE4-A585-A4A5844DE9E1}.Debug|Any CPU.ActiveCfg = Debug|Any CPU
		{4A3B6EE9-5B0E-4DE4-A585-A4A5844DE9E1}.Debug|Any CPU.Build.0 = Debug|Any CPU
		{4A3B6EE9-5B0E-4DE4-A585-A4A5844DE9E1}.Release|Any CPU.ActiveCfg = Release|Any CPU
		{4A3B6EE9-5B0E-4DE4-A585-A4A5844DE9E1}.Release|Any CPU.Build.0 = Release|Any CPU
		{8FFDDDE6-F5CE-48F1-879F-067103ECB583}.Debug|Any CPU.ActiveCfg = Debug|Any CPU
		{8FFDDDE6-F5CE-48F1-879F-067103ECB583}.Debug|Any CPU.Build.0 = Debug|Any CPU
		{8FFDDDE6-F5CE-48F1-879F-067103ECB583}.Release|Any CPU.ActiveCfg = Release|Any CPU
		{8FFDDDE6-F5CE-48F1-879F-067103ECB583}.Release|Any CPU.Build.0 = Release|Any CPU
		{6FBEEED5-1B52-40D2-832E-7FBCCD31C183}.Debug|Any CPU.ActiveCfg = Debug|Any CPU
		{6FBEEED5-1B52-40D2-832E-7FBCCD31C183}.Debug|Any CPU.Build.0 = Debug|Any CPU
		{6FBEEED5-1B52-40D2-832E-7FBCCD31C183}.Release|Any CPU.ActiveCfg = Release|Any CPU
		{6FBEEED5-1B52-40D2-832E-7FBCCD31C183}.Release|Any CPU.Build.0 = Release|Any CPU
		{6E83CA9C-43BE-4078-8F60-C105BB9CA4FA}.Debug|Any CPU.ActiveCfg = Debug|Any CPU
		{6E83CA9C-43BE-4078-8F60-C105BB9CA4FA}.Debug|Any CPU.Build.0 = Debug|Any CPU
		{6E83CA9C-43BE-4078-8F60-C105BB9CA4FA}.Release|Any CPU.ActiveCfg = Release|Any CPU
		{6E83CA9C-43BE-4078-8F60-C105BB9CA4FA}.Release|Any CPU.Build.0 = Release|Any CPU
		{0FDA4CF2-1F17-4DF7-A065-0BEE62C13B94}.Debug|Any CPU.ActiveCfg = Debug|Any CPU
		{0FDA4CF2-1F17-4DF7-A065-0BEE62C13B94}.Debug|Any CPU.Build.0 = Debug|Any CPU
		{0FDA4CF2-1F17-4DF7-A065-0BEE62C13B94}.Release|Any CPU.ActiveCfg = Release|Any CPU
		{0FDA4CF2-1F17-4DF7-A065-0BEE62C13B94}.Release|Any CPU.Build.0 = Release|Any CPU
		{80F4E7E5-37C1-4AFD-8A5B-8564B3720180}.Debug|Any CPU.ActiveCfg = Debug|Any CPU
		{80F4E7E5-37C1-4AFD-8A5B-8564B3720180}.Debug|Any CPU.Build.0 = Debug|Any CPU
		{80F4E7E5-37C1-4AFD-8A5B-8564B3720180}.Release|Any CPU.ActiveCfg = Release|Any CPU
		{80F4E7E5-37C1-4AFD-8A5B-8564B3720180}.Release|Any CPU.Build.0 = Release|Any CPU
		{A5351A82-3EE8-4FD0-872E-294A08E92790}.Debug|Any CPU.ActiveCfg = Debug|Any CPU
		{A5351A82-3EE8-4FD0-872E-294A08E92790}.Debug|Any CPU.Build.0 = Debug|Any CPU
		{A5351A82-3EE8-4FD0-872E-294A08E92790}.Release|Any CPU.ActiveCfg = Release|Any CPU
		{A5351A82-3EE8-4FD0-872E-294A08E92790}.Release|Any CPU.Build.0 = Release|Any CPU
	EndGlobalSection
	GlobalSection(SolutionProperties) = preSolution
		HideSolutionNode = FALSE
	EndGlobalSection
	GlobalSection(ExtensibilityGlobals) = postSolution
		SolutionGuid = {6EE0854E-520A-419A-B5A8-ADF654484B9C}
	EndGlobalSection
EndGlobal
