
Microsoft Visual Studio Solution File, Format Version 12.00
# Visual Studio Version 16
VisualStudioVersion = 16.0.31019.35
MinimumVisualStudioVersion = 10.0.40219.1
Project("{FAE04EC0-301F-11D3-BF4B-00C04F79EFBC}") = "Lesson01_variables", "Lesson01_variables.csproj", "{8AEA4813-019A-4BEA-A1D3-67A125DF6F38}"
EndProject
Project("{FAE04EC0-301F-11D3-BF4B-00C04F79EFBC}") = "Lesson03_Images", "Lesson03_Images\Lesson03_Images.csproj", "{B5B1C516-F433-42DB-8D3F-A867391773ED}"
EndProject
Project("{FAE04EC0-301F-11D3-BF4B-00C04F79EFBC}") = "Lesson04_Shop", "Lesson04_Shop\Lesson04_Shop.csproj", "{114895A3-3FA1-4742-AB13-353D223ED2DF}"
EndProject
Project("{FAE04EC0-301F-11D3-BF4B-00C04F79EFBC}") = "Lesson06_QuestionToUser", "Lesson06_QuestionToUser\Lesson06_QuestionToUser.csproj", "{CF5F5B5E-1740-4A4F-8107-8115FABA7F26}"
EndProject
Project("{FAE04EC0-301F-11D3-BF4B-00C04F79EFBC}") = "Lesson05_Hospital", "Lesson05_Hospital\Lesson05_Hospital.csproj", "{0EE6D807-1FB3-4157-9D94-65B8BF58D4D8}"
EndProject
Project("{FAE04EC0-301F-11D3-BF4B-00C04F79EFBC}") = "Lesson07_Msg", "Lesson07_Msg\Lesson07_Msg.csproj", "{FB2FFA0E-9D8D-49E5-BAB4-65C2D98FFF15}"
EndProject
Global
	GlobalSection(SolutionConfigurationPlatforms) = preSolution
		Debug|Any CPU = Debug|Any CPU
		Release|Any CPU = Release|Any CPU
	EndGlobalSection
	GlobalSection(ProjectConfigurationPlatforms) = postSolution
		{8AEA4813-019A-4BEA-A1D3-67A125DF6F38}.Debug|Any CPU.ActiveCfg = Debug|Any CPU
		{8AEA4813-019A-4BEA-A1D3-67A125DF6F38}.Debug|Any CPU.Build.0 = Debug|Any CPU
		{8AEA4813-019A-4BEA-A1D3-67A125DF6F38}.Release|Any CPU.ActiveCfg = Release|Any CPU
		{8AEA4813-019A-4BEA-A1D3-67A125DF6F38}.Release|Any CPU.Build.0 = Release|Any CPU
		{B5B1C516-F433-42DB-8D3F-A867391773ED}.Debug|Any CPU.ActiveCfg = Debug|Any CPU
		{B5B1C516-F433-42DB-8D3F-A867391773ED}.Debug|Any CPU.Build.0 = Debug|Any CPU
		{B5B1C516-F433-42DB-8D3F-A867391773ED}.Release|Any CPU.ActiveCfg = Release|Any CPU
		{B5B1C516-F433-42DB-8D3F-A867391773ED}.Release|Any CPU.Build.0 = Release|Any CPU
		{114895A3-3FA1-4742-AB13-353D223ED2DF}.Debug|Any CPU.ActiveCfg = Debug|Any CPU
		{114895A3-3FA1-4742-AB13-353D223ED2DF}.Debug|Any CPU.Build.0 = Debug|Any CPU
		{114895A3-3FA1-4742-AB13-353D223ED2DF}.Release|Any CPU.ActiveCfg = Release|Any CPU
		{114895A3-3FA1-4742-AB13-353D223ED2DF}.Release|Any CPU.Build.0 = Release|Any CPU
		{CF5F5B5E-1740-4A4F-8107-8115FABA7F26}.Debug|Any CPU.ActiveCfg = Debug|Any CPU
		{CF5F5B5E-1740-4A4F-8107-8115FABA7F26}.Debug|Any CPU.Build.0 = Debug|Any CPU
		{CF5F5B5E-1740-4A4F-8107-8115FABA7F26}.Release|Any CPU.ActiveCfg = Release|Any CPU
		{CF5F5B5E-1740-4A4F-8107-8115FABA7F26}.Release|Any CPU.Build.0 = Release|Any CPU
		{0EE6D807-1FB3-4157-9D94-65B8BF58D4D8}.Debug|Any CPU.ActiveCfg = Debug|Any CPU
		{0EE6D807-1FB3-4157-9D94-65B8BF58D4D8}.Debug|Any CPU.Build.0 = Debug|Any CPU
		{0EE6D807-1FB3-4157-9D94-65B8BF58D4D8}.Release|Any CPU.ActiveCfg = Release|Any CPU
		{0EE6D807-1FB3-4157-9D94-65B8BF58D4D8}.Release|Any CPU.Build.0 = Release|Any CPU
		{FB2FFA0E-9D8D-49E5-BAB4-65C2D98FFF15}.Debug|Any CPU.ActiveCfg = Debug|Any CPU
		{FB2FFA0E-9D8D-49E5-BAB4-65C2D98FFF15}.Debug|Any CPU.Build.0 = Debug|Any CPU
		{FB2FFA0E-9D8D-49E5-BAB4-65C2D98FFF15}.Release|Any CPU.ActiveCfg = Release|Any CPU
		{FB2FFA0E-9D8D-49E5-BAB4-65C2D98FFF15}.Release|Any CPU.Build.0 = Release|Any CPU
	EndGlobalSection
	GlobalSection(SolutionProperties) = preSolution
		HideSolutionNode = FALSE
	EndGlobalSection
	GlobalSection(ExtensibilityGlobals) = postSolution
		SolutionGuid = {6EE0854E-520A-419A-B5A8-ADF654484B9C}
	EndGlobalSection
EndGlobal
