
Microsoft Visual Studio Solution File, Format Version 12.00
# Visual Studio Version 16
VisualStudioVersion = 16.0.31019.35
MinimumVisualStudioVersion = 10.0.40219.1
Project("{FAE04EC0-301F-11D3-BF4B-00C04F79EFBC}") = "Lesson01_variables", "Lesson01_variables.csproj", "{8AEA4813-019A-4BEA-A1D3-67A125DF6F38}"
EndProject
Global
	GlobalSection(SolutionConfigurationPlatforms) = preSolution
		Debug|Any CPU = Debug|Any CPU
		Release|Any CPU = Release|Any CPU
	EndGlobalSection
	GlobalSection(ProjectConfigurationPlatforms) = postSolution
		{8AEA4813-019A-4BEA-A1D3-67A125DF6F38}.Debug|Any CPU.ActiveCfg = Debug|Any CPU
		{8AEA4813-019A-4BEA-A1D3-67A125DF6F38}.Debug|Any CPU.Build.0 = Debug|Any CPU
		{8AEA4813-019A-4BEA-A1D3-67A125DF6F38}.Release|Any CPU.ActiveCfg = Release|Any CPU
		{8AEA4813-019A-4BEA-A1D3-67A125DF6F38}.Release|Any CPU.Build.0 = Release|Any CPU
	EndGlobalSection
	GlobalSection(SolutionProperties) = preSolution
		HideSolutionNode = FALSE
	EndGlobalSection
	GlobalSection(ExtensibilityGlobals) = postSolution
		SolutionGuid = {6EE0854E-520A-419A-B5A8-ADF654484B9C}
	EndGlobalSection
EndGlobal
